<?xml version="1.0"?>
<CONFIG>
  <ProjectOptions>
    <Version Value="9"/>
    <General>
      <MainUnit Value="0"/>
      <UseAppBundle Value="False"/>
      <Icon Value="0"/>
      <ActiveWindowIndexAtStart Value="0"/>
    </General>
    <VersionInfo>
      <StringTable ProductVersion=""/>
    </VersionInfo>
    <BuildModes Count="1">
      <Item1 Name="default" Default="True"/>
    </BuildModes>
    <PublishOptions>
      <Version Value="2"/>
      <IgnoreBinaries Value="False"/>
      <IncludeFileFilter Value="*.(pas|pp|inc|lfm|lpr|lrs|lpi|lpk|sh|xml)"/>
      <ExcludeFileFilter Value="*.(bak|ppu|ppw|o|so);*~;backup"/>
    </PublishOptions>
    <RunParams>
      <local>
        <FormatVersion Value="1"/>
        <LaunchingApplication PathPlusParams="/usr/X11R6/bin/xterm -T 'Lazarus Run Output' -e $(LazarusDir)/tools/runwait.sh $(TargetCmdLine)"/>
      </local>
    </RunParams>
    <RequiredPackages Count="6">
      <Item1>
        <PackageName Value="BGRABitmapPack"/>
      </Item1>
      <Item2>
        <PackageName Value="plot"/>
        <MinVersion Valid="True"/>
      </Item2>
      <Item3>
        <PackageName Value="etpackage"/>
        <MinVersion Major="1" Valid="True"/>
      </Item3>
      <Item4>
        <PackageName Value="SdpoSerialLaz"/>
        <MinVersion Minor="1" Release="4" Valid="True"/>
      </Item4>
      <Item5>
        <PackageName Value="TAChartLazarusPkg"/>
        <MinVersion Major="1" Valid="True"/>
      </Item5>
      <Item6>
        <PackageName Value="LCL"/>
      </Item6>
    </RequiredPackages>
    <Units Count="36">
      <Unit0>
        <Filename Value="SPM.lpr"/>
        <IsPartOfProject Value="True"/>
        <EditorIndex Value="2"/>
        <WindowIndex Value="0"/>
        <TopLine Value="6"/>
        <CursorPos X="104" Y="20"/>
        <UsageCount Value="204"/>
        <Loaded Value="True"/>
        <DefaultSyntaxHighlighter Value="Delphi"/>
      </Unit0>
      <Unit1>
        <Filename Value="SPM_Main.pas"/>
        <IsPartOfProject Value="True"/>
        <ComponentName Value="SPM_MainForm"/>
        <HasResources Value="True"/>
        <ResourceBaseClass Value="Form"/>
        <UnitName Value="SPM_Main"/>
        <EditorIndex Value="0"/>
        <WindowIndex Value="0"/>
        <TopLine Value="93"/>
        <CursorPos X="3" Y="106"/>
        <UsageCount Value="204"/>
        <Loaded Value="True"/>
        <LoadedDesigner Value="True"/>
        <DefaultSyntaxHighlighter Value="Delphi"/>
      </Unit1>
      <Unit2>
        <Filename Value="TipCoarseApproach.pas"/>
        <IsPartOfProject Value="True"/>
        <ComponentName Value="CoarseApproachTool"/>
        <HasResources Value="True"/>
        <ResourceBaseClass Value="Form"/>
        <UnitName Value="TipCoarseApproach"/>
        <WindowIndex Value="0"/>
        <TopLine Value="338"/>
        <CursorPos X="10" Y="364"/>
        <UsageCount Value="204"/>
        <DefaultSyntaxHighlighter Value="Delphi"/>
      </Unit2>
      <Unit3>
        <Filename Value="SystemConfiguration.pas"/>
        <IsPartOfProject Value="True"/>
        <ComponentName Value="SysConfig"/>
        <HasResources Value="True"/>
        <ResourceBaseClass Value="Form"/>
        <UnitName Value="SystemConfiguration"/>
        <WindowIndex Value="0"/>
        <TopLine Value="279"/>
        <CursorPos X="26" Y="306"/>
        <UsageCount Value="204"/>
        <DefaultSyntaxHighlighter Value="Delphi"/>
      </Unit3>
      <Unit4>
        <Filename Value="FileFunctions.pas"/>
        <IsPartOfProject Value="True"/>
        <UnitName Value="FileFunctions"/>
        <WindowIndex Value="0"/>
        <TopLine Value="374"/>
        <CursorPos X="70" Y="417"/>
        <UsageCount Value="204"/>
        <DefaultSyntaxHighlighter Value="Delphi"/>
      </Unit4>
      <Unit5>
        <Filename Value="DAQFunctions.pas"/>
        <IsPartOfProject Value="True"/>
        <UnitName Value="DAQFunctions"/>
        <EditorIndex Value="6"/>
        <WindowIndex Value="0"/>
        <TopLine Value="45"/>
        <CursorPos X="1" Y="65"/>
        <UsageCount Value="204"/>
        <Loaded Value="True"/>
        <DefaultSyntaxHighlighter Value="Delphi"/>
      </Unit5>
      <Unit6>
        <Filename Value="ScanTubeFunctions.pas"/>
        <IsPartOfProject Value="True"/>
        <UnitName Value="ScanTubeFunctions"/>
        <EditorIndex Value="4"/>
        <WindowIndex Value="0"/>
        <TopLine Value="81"/>
        <CursorPos X="25" Y="283"/>
        <UsageCount Value="204"/>
        <Loaded Value="True"/>
        <DefaultSyntaxHighlighter Value="Delphi"/>
      </Unit6>
      <Unit7>
        <Filename Value="AttocubeFunctions.pas"/>
        <IsPartOfProject Value="True"/>
        <UnitName Value="AttocubeFunctions"/>
        <EditorIndex Value="7"/>
        <WindowIndex Value="0"/>
        <TopLine Value="23"/>
        <CursorPos X="7" Y="37"/>
        <UsageCount Value="204"/>
        <Loaded Value="True"/>
        <DefaultSyntaxHighlighter Value="Delphi"/>
      </Unit7>
      <Unit8>
        <Filename Value="WalkerFunctions.pas"/>
        <IsPartOfProject Value="True"/>
        <UnitName Value="WalkerFunctions"/>
        <TopLine Value="1"/>
        <CursorPos X="1" Y="1"/>
        <UsageCount Value="204"/>
        <DefaultSyntaxHighlighter Value="Delphi"/>
      </Unit8>
      <Unit9>
        <Filename Value="mfm.pas"/>
        <IsPartOfProject Value="True"/>
        <ComponentName Value="MFMForm"/>
        <HasResources Value="True"/>
        <ResourceBaseClass Value="Form"/>
        <UnitName Value="MFM"/>
        <IsVisibleTab Value="True"/>
        <EditorIndex Value="9"/>
        <WindowIndex Value="0"/>
        <TopLine Value="1304"/>
        <CursorPos X="40" Y="1339"/>
        <UsageCount Value="204"/>
        <Loaded Value="True"/>
        <LoadedDesigner Value="True"/>
        <DefaultSyntaxHighlighter Value="Delphi"/>
      </Unit9>
      <Unit10>
        <Filename Value="GraphicsRoutines.pas"/>
        <IsPartOfProject Value="True"/>
        <UnitName Value="GraphicsRoutines"/>
        <WindowIndex Value="0"/>
        <TopLine Value="1"/>
        <CursorPos X="26" Y="7"/>
        <UsageCount Value="204"/>
        <DefaultSyntaxHighlighter Value="Delphi"/>
      </Unit10>
      <Unit11>
        <Filename Value="GlobalFunctions.pas"/>
        <IsPartOfProject Value="True"/>
        <UnitName Value="GlobalFunctions"/>
        <EditorIndex Value="3"/>
        <WindowIndex Value="0"/>
        <TopLine Value="51"/>
        <CursorPos X="11" Y="61"/>
        <UsageCount Value="204"/>
        <Loaded Value="True"/>
        <DefaultSyntaxHighlighter Value="Delphi"/>
      </Unit11>
      <Unit12>
        <Filename Value="daq_comedi_functions.pas"/>
        <IsPartOfProject Value="True"/>
        <UnitName Value="daq_comedi_functions"/>
        <TopLine Value="35"/>
        <CursorPos X="25" Y="75"/>
        <UsageCount Value="204"/>
        <DefaultSyntaxHighlighter Value="Delphi"/>
      </Unit12>
      <Unit13>
        <Filename Value="rtai_types.pas"/>
        <IsPartOfProject Value="True"/>
        <UnitName Value="rtai_types"/>
        <EditorIndex Value="13"/>
        <WindowIndex Value="0"/>
        <TopLine Value="1"/>
        <CursorPos X="1" Y="1"/>
        <UsageCount Value="200"/>
        <Loaded Value="True"/>
        <DefaultSyntaxHighlighter Value="Delphi"/>
      </Unit13>
      <Unit14>
        <Filename Value="globalvariables.pas"/>
        <IsPartOfProject Value="True"/>
        <UnitName Value="GlobalVariables"/>
        <WindowIndex Value="0"/>
        <TopLine Value="77"/>
        <CursorPos X="81" Y="123"/>
        <UsageCount Value="204"/>
        <DefaultSyntaxHighlighter Value="Delphi"/>
      </Unit14>
      <Unit15>
        <Filename Value="rtai_comedi_functions.pas"/>
        <IsPartOfProject Value="True"/>
        <UnitName Value="rtai_comedi_functions"/>
        <EditorIndex Value="1"/>
        <WindowIndex Value="0"/>
        <TopLine Value="35"/>
        <CursorPos X="10" Y="59"/>
        <UsageCount Value="200"/>
        <Loaded Value="True"/>
        <DefaultSyntaxHighlighter Value="Delphi"/>
      </Unit15>
      <Unit16>
        <Filename Value="daq_comedi_types.pas"/>
        <IsPartOfProject Value="True"/>
        <UnitName Value="daq_comedi_types"/>
        <WindowIndex Value="0"/>
        <TopLine Value="18"/>
        <CursorPos X="6" Y="50"/>
        <UsageCount Value="204"/>
        <DefaultSyntaxHighlighter Value="Delphi"/>
      </Unit16>
      <Unit17>
        <Filename Value="rtai_comedi_types.pas"/>
        <IsPartOfProject Value="True"/>
        <UnitName Value="rtai_comedi_types"/>
        <EditorIndex Value="11"/>
        <WindowIndex Value="0"/>
        <TopLine Value="22"/>
        <CursorPos X="3" Y="41"/>
        <UsageCount Value="200"/>
        <Loaded Value="True"/>
        <DefaultSyntaxHighlighter Value="Delphi"/>
      </Unit17>
      <Unit18>
        <Filename Value="rtai_functions.pas"/>
        <IsPartOfProject Value="True"/>
        <UnitName Value="rtai_functions"/>
        <EditorIndex Value="12"/>
        <WindowIndex Value="0"/>
        <TopLine Value="1"/>
        <CursorPos X="3" Y="5"/>
        <UsageCount Value="200"/>
        <Loaded Value="True"/>
        <DefaultSyntaxHighlighter Value="Delphi"/>
      </Unit18>
      <Unit19>
        <Filename Value="/usr/lib/lazarus/0.9.28.2/lcl/include/customform.inc"/>
        <WindowIndex Value="0"/>
        <TopLine Value="2384"/>
        <CursorPos X="1" Y="2403"/>
        <UsageCount Value="98"/>
        <DefaultSyntaxHighlighter Value="Delphi"/>
      </Unit19>
      <Unit20>
        <Filename Value="/usr/lib/lazarus/0.9.28.2/lcl/include/application.inc"/>
        <WindowIndex Value="0"/>
        <TopLine Value="1974"/>
        <CursorPos X="1" Y="1993"/>
        <UsageCount Value="711"/>
        <DefaultSyntaxHighlighter Value="Delphi"/>
      </Unit20>
      <Unit21>
        <Filename Value="AFMTopography.pas"/>
        <IsPartOfProject Value="True"/>
        <ComponentName Value="AFMTopograph"/>
        <HasResources Value="True"/>
        <ResourceBaseClass Value="Form"/>
        <UnitName Value="AFMTopography"/>
        <EditorIndex Value="5"/>
        <WindowIndex Value="0"/>
        <TopLine Value="505"/>
        <CursorPos X="1" Y="526"/>
        <UsageCount Value="1450"/>
        <Loaded Value="True"/>
        <LoadedDesigner Value="True"/>
        <DefaultSyntaxHighlighter Value="Delphi"/>
      </Unit21>
      <Unit22>
        <Filename Value="oscilloscope.pas"/>
        <IsPartOfProject Value="True"/>
        <ComponentName Value="OscilloscopeForm"/>
        <HasResources Value="True"/>
        <ResourceBaseClass Value="Form"/>
        <UnitName Value="Oscilloscope"/>
        <WindowIndex Value="0"/>
        <TopLine Value="1"/>
        <CursorPos X="5" Y="21"/>
        <UsageCount Value="1444"/>
        <DefaultSyntaxHighlighter Value="Delphi"/>
      </Unit22>
      <Unit23>
        <Filename Value="/usr/lib/lazarus/0.9.28.2/lcl/include/control.inc"/>
        <WindowIndex Value="0"/>
        <TopLine Value="2196"/>
        <CursorPos X="1" Y="2228"/>
        <UsageCount Value="65"/>
        <DefaultSyntaxHighlighter Value="Delphi"/>
      </Unit23>
      <Unit24>
        <Filename Value="../Graph Components/bgrabitmap6.2/bgragtkbitmap.pas"/>
        <UnitName Value="BGRAGtkBitmap"/>
        <WindowIndex Value="0"/>
        <TopLine Value="49"/>
        <CursorPos X="3" Y="71"/>
        <UsageCount Value="15"/>
        <DefaultSyntaxHighlighter Value="Delphi"/>
      </Unit24>
      <Unit25>
        <Filename Value="../Graph Components/bgrabitmap6.2/perspectivescan.inc"/>
        <WindowIndex Value="0"/>
        <TopLine Value="1"/>
        <CursorPos X="136" Y="33"/>
        <UsageCount Value="15"/>
        <DefaultSyntaxHighlighter Value="Delphi"/>
      </Unit25>
      <Unit26>
        <Filename Value="../../Downloads/Sdpo/SdpoSerial/sdposerial.pas"/>
        <UnitName Value="SdpoSerial"/>
        <WindowIndex Value="0"/>
        <TopLine Value="211"/>
        <CursorPos X="1" Y="233"/>
        <UsageCount Value="15"/>
      </Unit26>
      <Unit27>
        <Filename Value="/usr/local/src/comedilib/lib/data.c"/>
        <WindowIndex Value="0"/>
        <TopLine Value="153"/>
        <CursorPos X="1" Y="177"/>
        <UsageCount Value="11"/>
        <DefaultSyntaxHighlighter Value="C++"/>
      </Unit27>
      <Unit28>
        <Filename Value="efm.pas"/>
        <IsPartOfProject Value="True"/>
        <ComponentName Value="EFMForm"/>
        <HasResources Value="True"/>
        <ResourceBaseClass Value="Form"/>
        <UnitName Value="EFM"/>
        <EditorIndex Value="8"/>
        <WindowIndex Value="0"/>
        <TopLine Value="917"/>
        <CursorPos X="29" Y="936"/>
        <UsageCount Value="155"/>
        <Loaded Value="True"/>
        <LoadedDesigner Value="True"/>
        <DefaultSyntaxHighlighter Value="Delphi"/>
      </Unit28>
      <Unit29>
        <Filename Value="conf/spm_parameters.cfg"/>
        <WindowIndex Value="0"/>
        <TopLine Value="1"/>
        <CursorPos X="37" Y="13"/>
        <UsageCount Value="6"/>
        <DefaultSyntaxHighlighter Value="None"/>
      </Unit29>
      <Unit30>
        <Filename Value="stm.pas"/>
        <IsPartOfProject Value="True"/>
        <ComponentName Value="STMForm"/>
        <HasResources Value="True"/>
        <ResourceBaseClass Value="Form"/>
        <UnitName Value="STM"/>
        <EditorIndex Value="10"/>
        <WindowIndex Value="0"/>
        <TopLine Value="900"/>
        <CursorPos X="47" Y="925"/>
        <UsageCount Value="138"/>
        <Loaded Value="True"/>
        <LoadedDesigner Value="True"/>
        <DefaultSyntaxHighlighter Value="Delphi"/>
      </Unit30>
      <Unit31>
        <Filename Value="/usr/share/lazarus/1.0.2/lcl/include/application.inc"/>
        <WindowIndex Value="0"/>
        <TopLine Value="1372"/>
        <CursorPos X="1" Y="1406"/>
        <UsageCount Value="4"/>
      </Unit31>
      <Unit32>
        <Filename Value="/usr/share/lazarus/1.0.2/lcl/include/interfacebase.inc"/>
        <WindowIndex Value="0"/>
        <TopLine Value="35"/>
        <CursorPos X="1" Y="60"/>
        <UsageCount Value="4"/>
      </Unit32>
      <Unit33>
        <Filename Value="/usr/share/lazarus/1.0.8/lcl/include/application.inc"/>
        <WindowIndex Value="0"/>
        <TopLine Value="1"/>
        <CursorPos X="1" Y="1"/>
        <UsageCount Value="3"/>
      </Unit33>
      <Unit34>
        <Filename Value="../InterfaceTests/InterfaceTests.lpr"/>
        <UnitName Value="InterfaceTests"/>
        <WindowIndex Value="0"/>
        <TopLine Value="1"/>
        <CursorPos X="1" Y="1"/>
        <UsageCount Value="2"/>
        <DefaultSyntaxHighlighter Value="Delphi"/>
      </Unit34>
      <Unit35>
        <Filename Value="../InterfaceTests/mainpanel.pas"/>
        <UnitName Value="MainPanel"/>
        <WindowIndex Value="0"/>
        <TopLine Value="1"/>
        <CursorPos X="1" Y="1"/>
        <UsageCount Value="2"/>
        <DefaultSyntaxHighlighter Value="Delphi"/>
      </Unit35>
    </Units>
    <JumpHistory Count="30" HistoryIndex="29">
      <Position1>
        <Filename Value="efm.pas"/>
        <Caret Line="1453" Column="54" TopLine="1433"/>
      </Position1>
      <Position2>
        <Filename Value="mfm.pas"/>
        <Caret Line="991" Column="27" TopLine="968"/>
      </Position2>
      <Position3>
        <Filename Value="efm.pas"/>
        <Caret Line="1453" Column="2" TopLine="1433"/>
      </Position3>
      <Position4>
        <Filename Value="mfm.pas"/>
        <Caret Line="591" Column="59" TopLine="572"/>
      </Position4>
      <Position5>
        <Filename Value="mfm.pas"/>
        <Caret Line="592" Column="52" TopLine="572"/>
      </Position5>
      <Position6>
        <Filename Value="mfm.pas"/>
        <Caret Line="661" Column="20" TopLine="641"/>
      </Position6>
      <Position7>
        <Filename Value="mfm.pas"/>
        <Caret Line="663" Column="3" TopLine="641"/>
      </Position7>
      <Position8>
        <Filename Value="ScanTubeFunctions.pas"/>
        <Caret Line="489" Column="1" TopLine="469"/>
      </Position8>
      <Position9>
        <Filename Value="efm.pas"/>
        <Caret Line="1320" Column="2" TopLine="1301"/>
      </Position9>
      <Position10>
        <Filename Value="mfm.pas"/>
        <Caret Line="1033" Column="6" TopLine="1012"/>
      </Position10>
      <Position11>
        <Filename Value="mfm.pas"/>
        <Caret Line="589" Column="28" TopLine="570"/>
      </Position11>
      <Position12>
        <Filename Value="mfm.pas"/>
        <Caret Line="626" Column="1" TopLine="606"/>
      </Position12>
      <Position13>
        <Filename Value="AFMTopography.pas"/>
        <Caret Line="269" Column="3" TopLine="477"/>
      </Position13>
      <Position14>
        <Filename Value="efm.pas"/>
        <Caret Line="739" Column="5" TopLine="720"/>
      </Position14>
      <Position15>
        <Filename Value="efm.pas"/>
        <Caret Line="936" Column="32" TopLine="917"/>
      </Position15>
      <Position16>
        <Filename Value="AFMTopography.pas"/>
        <Caret Line="525" Column="1" TopLine="505"/>
      </Position16>
      <Position17>
        <Filename Value="SPM_Main.pas"/>
        <Caret Line="131" Column="37" TopLine="104"/>
      </Position17>
      <Position18>
        <Filename Value="rtai_comedi_types.pas"/>
        <Caret Line="41" Column="3" TopLine="22"/>
      </Position18>
      <Position19>
        <Filename Value="mfm.pas"/>
        <Caret Line="627" Column="1" TopLine="606"/>
      </Position19>
      <Position20>
        <Filename Value="SPM_Main.pas"/>
        <Caret Line="106" Column="3" TopLine="93"/>
      </Position20>
      <Position21>
        <Filename Value="GlobalFunctions.pas"/>
        <Caret Line="71" Column="11" TopLine="51"/>
      </Position21>
      <Position22>
        <Filename Value="ScanTubeFunctions.pas"/>
        <Caret Line="489" Column="1" TopLine="469"/>
      </Position22>
      <Position23>
        <Filename Value="efm.pas"/>
        <Caret Line="936" Column="41" TopLine="917"/>
      </Position23>
      <Position24>
        <Filename Value="mfm.pas"/>
        <Caret Line="1031" Column="37" TopLine="1012"/>
      </Position24>
      <Position25>
        <Filename Value="mfm.pas"/>
        <Caret Line="1145" Column="25" TopLine="1127"/>
      </Position25>
      <Position26>
        <Filename Value="efm.pas"/>
        <Caret Line="1093" Column="29" TopLine="1074"/>
      </Position26>
      <Position27>
        <Filename Value="mfm.pas"/>
        <Caret Line="1031" Column="25" TopLine="1079"/>
      </Position27>
      <Position28>
        <Filename Value="mfm.pas"/>
        <Caret Line="626" Column="1" TopLine="606"/>
      </Position28>
      <Position29>
        <Filename Value="mfm.pas"/>
        <Caret Line="195" Column="1" TopLine="607"/>
      </Position29>
      <Position30>
        <Filename Value="mfm.pas"/>
        <Caret Line="1324" Column="20" TopLine="981"/>
      </Position30>
    </JumpHistory>
  </ProjectOptions>
  <CompilerOptions>
    <Version Value="11"/>
    <SearchPaths>
      <IncludeFiles Value="$(ProjOutDir)"/>
      <Libraries Value="RTAILazarusCInterface/bin/Release;../Graph Components/BGRABitmap/lib/i386-linux;/usr/local/lib/;/usr/realtime/lib/"/>
      <OtherUnitFiles Value="../Graph Components/bgrabitmap6.2"/>
    </SearchPaths>
    <Parsing>
      <SyntaxOptions>
        <SyntaxMode Value="Delphi"/>
      </SyntaxOptions>
    </Parsing>
    <CodeGeneration>
      <Checks>
        <IOChecks Value="True"/>
        <RangeChecks Value="True"/>
        <OverflowChecks Value="True"/>
        <StackChecks Value="True"/>
      </Checks>
      <TargetCPU Value="x86_64"/>
      <TargetOS Value="linux"/>
    </CodeGeneration>
    <Linking>
      <LinkSmart Value="True"/>
    </Linking>
    <Other>
      <Verbosity>
        <ShoLineNum Value="True"/>
        <ShowAllProcsOnError Value="True"/>
      </Verbosity>
      <WriteFPCLogo Value="False"/>
      <CustomOptions Value="-dUseCThreads"/>
      <CompilerPath Value="$(CompPath)"/>
    </Other>
  </CompilerOptions>
  <Debugging>
    <BreakPoints Count="3">
      <Item1>
        <Kind Value="bpkSource"/>
        <WatchScope Value="wpsLocal"/>
        <WatchKind Value="wpkWrite"/>
        <Source Value="mfm.pas"/>
        <Line Value="138"/>
      </Item1>
      <Item2>
        <Kind Value="bpkSource"/>
        <WatchScope Value="wpsLocal"/>
        <WatchKind Value="wpkWrite"/>
        <Source Value="AFMTopography.pas"/>
        <Line Value="525"/>
      </Item2>
      <Item3>
        <Kind Value="bpkSource"/>
        <WatchScope Value="wpsLocal"/>
        <WatchKind Value="wpkWrite"/>
        <Source Value="mfm.pas"/>
        <Line Value="1339"/>
      </Item3>
    </BreakPoints>
    <Watches Count="2">
      <Item1>
        <Expression Value="data"/>
      </Item1>
      <Item2>
        <Expression Value="data_read"/>
      </Item2>
    </Watches>
    <Exceptions Count="5">
      <Item1>
        <Name Value="EAbort"/>
      </Item1>
      <Item2>
        <Name Value="ECodetoolError"/>
      </Item2>
      <Item3>
        <Name Value="EFOpenError"/>
      </Item3>
      <Item4>
        <Name Value="EAccessViolation"/>
      </Item4>
      <Item5>
        <Name Value="ERangeError"/>
      </Item5>
    </Exceptions>
  </Debugging>
</CONFIG>
