<?xml version="1.0"?>
<CONFIG>
  <ProjectOptions>
    <Version Value="9"/>
    <General>
      <MainUnit Value="0"/>
      <UseAppBundle Value="False"/>
      <Icon Value="0"/>
      <ActiveWindowIndexAtStart Value="0"/>
    </General>
    <VersionInfo>
      <StringTable ProductVersion=""/>
    </VersionInfo>
    <BuildModes Count="1">
      <Item1 Name="default" Default="True"/>
    </BuildModes>
    <PublishOptions>
      <Version Value="2"/>
      <IgnoreBinaries Value="False"/>
      <IncludeFileFilter Value="*.(pas|pp|inc|lfm|lpr|lrs|lpi|lpk|sh|xml)"/>
      <ExcludeFileFilter Value="*.(bak|ppu|ppw|o|so);*~;backup"/>
    </PublishOptions>
    <RunParams>
      <local>
        <FormatVersion Value="1"/>
        <LaunchingApplication PathPlusParams="/usr/X11R6/bin/xterm -T 'Lazarus Run Output' -e $(LazarusDir)/tools/runwait.sh $(TargetCmdLine)"/>
      </local>
    </RunParams>
    <RequiredPackages Count="6">
      <Item1>
        <PackageName Value="BGRABitmapPack"/>
      </Item1>
      <Item2>
        <PackageName Value="plot"/>
        <MinVersion Valid="True"/>
      </Item2>
      <Item3>
        <PackageName Value="etpackage"/>
        <MinVersion Major="1" Valid="True"/>
      </Item3>
      <Item4>
        <PackageName Value="SdpoSerialLaz"/>
        <MinVersion Minor="1" Release="4" Valid="True"/>
      </Item4>
      <Item5>
        <PackageName Value="TAChartLazarusPkg"/>
        <MinVersion Major="1" Valid="True"/>
      </Item5>
      <Item6>
        <PackageName Value="LCL"/>
      </Item6>
    </RequiredPackages>
    <Units Count="31">
      <Unit0>
        <Filename Value="SPM.lpr"/>
        <IsPartOfProject Value="True"/>
        <WindowIndex Value="0"/>
        <TopLine Value="2"/>
        <CursorPos X="1" Y="38"/>
        <UsageCount Value="204"/>
        <DefaultSyntaxHighlighter Value="Delphi"/>
      </Unit0>
      <Unit1>
        <Filename Value="SPM_Main.pas"/>
        <IsPartOfProject Value="True"/>
        <ComponentName Value="SPM_MainForm"/>
        <HasResources Value="True"/>
        <ResourceBaseClass Value="Form"/>
        <UnitName Value="SPM_Main"/>
        <EditorIndex Value="1"/>
        <WindowIndex Value="0"/>
        <TopLine Value="88"/>
        <CursorPos X="3" Y="112"/>
        <UsageCount Value="204"/>
        <Loaded Value="True"/>
        <LoadedDesigner Value="True"/>
        <DefaultSyntaxHighlighter Value="Delphi"/>
      </Unit1>
      <Unit2>
        <Filename Value="TipCoarseApproach.pas"/>
        <IsPartOfProject Value="True"/>
        <ComponentName Value="CoarseApproachTool"/>
        <HasResources Value="True"/>
        <ResourceBaseClass Value="Form"/>
        <UnitName Value="TipCoarseApproach"/>
        <WindowIndex Value="0"/>
        <TopLine Value="426"/>
        <CursorPos X="3" Y="428"/>
        <UsageCount Value="204"/>
        <DefaultSyntaxHighlighter Value="Delphi"/>
      </Unit2>
      <Unit3>
        <Filename Value="SystemConfiguration.pas"/>
        <IsPartOfProject Value="True"/>
        <ComponentName Value="SysConfig"/>
        <HasResources Value="True"/>
        <ResourceBaseClass Value="Form"/>
        <UnitName Value="SystemConfiguration"/>
        <EditorIndex Value="4"/>
        <WindowIndex Value="0"/>
        <TopLine Value="279"/>
        <CursorPos X="39" Y="313"/>
        <UsageCount Value="204"/>
        <Loaded Value="True"/>
        <LoadedDesigner Value="True"/>
        <DefaultSyntaxHighlighter Value="Delphi"/>
      </Unit3>
      <Unit4>
        <Filename Value="FileFunctions.pas"/>
        <IsPartOfProject Value="True"/>
        <UnitName Value="FileFunctions"/>
        <EditorIndex Value="5"/>
        <WindowIndex Value="0"/>
        <TopLine Value="374"/>
        <CursorPos X="70" Y="417"/>
        <UsageCount Value="204"/>
        <Loaded Value="True"/>
        <DefaultSyntaxHighlighter Value="Delphi"/>
      </Unit4>
      <Unit5>
        <Filename Value="DAQFunctions.pas"/>
        <IsPartOfProject Value="True"/>
        <UnitName Value="DAQFunctions"/>
        <EditorIndex Value="8"/>
        <WindowIndex Value="0"/>
        <TopLine Value="9"/>
        <CursorPos X="33" Y="23"/>
        <UsageCount Value="204"/>
        <Loaded Value="True"/>
        <DefaultSyntaxHighlighter Value="Delphi"/>
      </Unit5>
      <Unit6>
        <Filename Value="ScanTubeFunctions.pas"/>
        <IsPartOfProject Value="True"/>
        <UnitName Value="ScanTubeFunctions"/>
        <EditorIndex Value="9"/>
        <WindowIndex Value="0"/>
        <TopLine Value="396"/>
        <CursorPos X="94" Y="527"/>
        <UsageCount Value="204"/>
        <Loaded Value="True"/>
        <DefaultSyntaxHighlighter Value="Delphi"/>
      </Unit6>
      <Unit7>
        <Filename Value="AttocubeFunctions.pas"/>
        <IsPartOfProject Value="True"/>
        <UnitName Value="AttocubeFunctions"/>
        <WindowIndex Value="0"/>
        <TopLine Value="1"/>
        <CursorPos X="29" Y="6"/>
        <UsageCount Value="204"/>
        <DefaultSyntaxHighlighter Value="Delphi"/>
      </Unit7>
      <Unit8>
        <Filename Value="WalkerFunctions.pas"/>
        <IsPartOfProject Value="True"/>
        <UnitName Value="WalkerFunctions"/>
        <TopLine Value="1"/>
        <CursorPos X="1" Y="1"/>
        <UsageCount Value="204"/>
        <DefaultSyntaxHighlighter Value="Delphi"/>
      </Unit8>
      <Unit9>
        <Filename Value="mfm.pas"/>
        <IsPartOfProject Value="True"/>
        <ComponentName Value="MFMForm"/>
        <HasResources Value="True"/>
        <ResourceBaseClass Value="Form"/>
        <UnitName Value="MFM"/>
        <EditorIndex Value="0"/>
        <WindowIndex Value="0"/>
        <TopLine Value="1131"/>
        <CursorPos X="68" Y="1146"/>
        <UsageCount Value="204"/>
        <Loaded Value="True"/>
        <DefaultSyntaxHighlighter Value="Delphi"/>
      </Unit9>
      <Unit10>
        <Filename Value="GraphicsRoutines.pas"/>
        <IsPartOfProject Value="True"/>
        <UnitName Value="GraphicsRoutines"/>
        <WindowIndex Value="0"/>
        <TopLine Value="1"/>
        <CursorPos X="26" Y="7"/>
        <UsageCount Value="204"/>
        <DefaultSyntaxHighlighter Value="Delphi"/>
      </Unit10>
      <Unit11>
        <Filename Value="GlobalFunctions.pas"/>
        <IsPartOfProject Value="True"/>
        <UnitName Value="GlobalFunctions"/>
        <WindowIndex Value="0"/>
        <TopLine Value="15"/>
        <CursorPos X="10" Y="23"/>
        <UsageCount Value="204"/>
        <DefaultSyntaxHighlighter Value="Delphi"/>
      </Unit11>
      <Unit12>
        <Filename Value="daq_comedi_functions.pas"/>
        <IsPartOfProject Value="True"/>
        <UnitName Value="daq_comedi_functions"/>
        <TopLine Value="35"/>
        <CursorPos X="25" Y="75"/>
        <UsageCount Value="204"/>
        <DefaultSyntaxHighlighter Value="Delphi"/>
      </Unit12>
      <Unit13>
        <Filename Value="rtai_types.pas"/>
        <IsPartOfProject Value="True"/>
        <UnitName Value="rtai_types"/>
        <EditorIndex Value="12"/>
        <WindowIndex Value="0"/>
        <TopLine Value="1"/>
        <CursorPos X="1" Y="1"/>
        <UsageCount Value="200"/>
        <Loaded Value="True"/>
        <DefaultSyntaxHighlighter Value="Delphi"/>
      </Unit13>
      <Unit14>
        <Filename Value="globalvariables.pas"/>
        <IsPartOfProject Value="True"/>
        <UnitName Value="GlobalVariables"/>
        <EditorIndex Value="10"/>
        <WindowIndex Value="0"/>
        <TopLine Value="77"/>
        <CursorPos X="81" Y="123"/>
        <UsageCount Value="204"/>
        <Loaded Value="True"/>
        <DefaultSyntaxHighlighter Value="Delphi"/>
      </Unit14>
      <Unit15>
        <Filename Value="rtai_comedi_functions.pas"/>
        <IsPartOfProject Value="True"/>
        <UnitName Value="rtai_comedi_functions"/>
        <WindowIndex Value="0"/>
        <TopLine Value="37"/>
        <CursorPos X="97" Y="37"/>
        <UsageCount Value="200"/>
        <DefaultSyntaxHighlighter Value="Delphi"/>
      </Unit15>
      <Unit16>
        <Filename Value="daq_comedi_types.pas"/>
        <IsPartOfProject Value="True"/>
        <UnitName Value="daq_comedi_types"/>
        <WindowIndex Value="0"/>
        <TopLine Value="18"/>
        <CursorPos X="6" Y="50"/>
        <UsageCount Value="204"/>
        <DefaultSyntaxHighlighter Value="Delphi"/>
      </Unit16>
      <Unit17>
        <Filename Value="rtai_comedi_types.pas"/>
        <IsPartOfProject Value="True"/>
        <UnitName Value="rtai_comedi_types"/>
        <EditorIndex Value="11"/>
        <WindowIndex Value="0"/>
        <TopLine Value="2"/>
        <CursorPos X="76" Y="36"/>
        <UsageCount Value="200"/>
        <Loaded Value="True"/>
        <DefaultSyntaxHighlighter Value="Delphi"/>
      </Unit17>
      <Unit18>
        <Filename Value="rtai_functions.pas"/>
        <IsPartOfProject Value="True"/>
        <UnitName Value="rtai_functions"/>
        <WindowIndex Value="0"/>
        <TopLine Value="1"/>
        <CursorPos X="3" Y="5"/>
        <UsageCount Value="200"/>
        <DefaultSyntaxHighlighter Value="Delphi"/>
      </Unit18>
      <Unit19>
        <Filename Value="/usr/lib/lazarus/0.9.28.2/lcl/include/customform.inc"/>
        <WindowIndex Value="0"/>
        <TopLine Value="2384"/>
        <CursorPos X="1" Y="2403"/>
        <UsageCount Value="106"/>
        <DefaultSyntaxHighlighter Value="Delphi"/>
      </Unit19>
      <Unit20>
        <Filename Value="/usr/lib/lazarus/0.9.28.2/lcl/include/application.inc"/>
        <WindowIndex Value="0"/>
        <TopLine Value="1974"/>
        <CursorPos X="1" Y="1993"/>
        <UsageCount Value="719"/>
        <DefaultSyntaxHighlighter Value="Delphi"/>
      </Unit20>
      <Unit21>
        <Filename Value="AFMTopography.pas"/>
        <IsPartOfProject Value="True"/>
        <ComponentName Value="AFMTopograph"/>
        <HasResources Value="True"/>
        <ResourceBaseClass Value="Form"/>
        <UnitName Value="AFMTopography"/>
        <EditorIndex Value="7"/>
        <WindowIndex Value="0"/>
        <TopLine Value="747"/>
        <CursorPos X="48" Y="756"/>
        <UsageCount Value="1450"/>
        <Loaded Value="True"/>
        <LoadedDesigner Value="True"/>
        <DefaultSyntaxHighlighter Value="Delphi"/>
      </Unit21>
      <Unit22>
        <Filename Value="oscilloscope.pas"/>
        <IsPartOfProject Value="True"/>
        <ComponentName Value="OscilloscopeForm"/>
        <HasResources Value="True"/>
        <ResourceBaseClass Value="Form"/>
        <UnitName Value="Oscilloscope"/>
        <EditorIndex Value="3"/>
        <WindowIndex Value="0"/>
        <TopLine Value="1"/>
        <CursorPos X="5" Y="21"/>
        <UsageCount Value="1444"/>
        <Loaded Value="True"/>
        <LoadedDesigner Value="True"/>
        <DefaultSyntaxHighlighter Value="Delphi"/>
      </Unit22>
      <Unit23>
        <Filename Value="/usr/lib/lazarus/0.9.28.2/lcl/include/control.inc"/>
        <WindowIndex Value="0"/>
        <TopLine Value="2196"/>
        <CursorPos X="1" Y="2228"/>
        <UsageCount Value="73"/>
        <DefaultSyntaxHighlighter Value="Delphi"/>
      </Unit23>
      <Unit24>
        <Filename Value="../Graph Components/bgrabitmap6.2/bgragtkbitmap.pas"/>
        <UnitName Value="BGRAGtkBitmap"/>
        <WindowIndex Value="0"/>
        <TopLine Value="49"/>
        <CursorPos X="3" Y="71"/>
        <UsageCount Value="23"/>
        <DefaultSyntaxHighlighter Value="Delphi"/>
      </Unit24>
      <Unit25>
        <Filename Value="../Graph Components/bgrabitmap6.2/perspectivescan.inc"/>
        <WindowIndex Value="0"/>
        <TopLine Value="1"/>
        <CursorPos X="136" Y="33"/>
        <UsageCount Value="23"/>
        <DefaultSyntaxHighlighter Value="Delphi"/>
      </Unit25>
      <Unit26>
        <Filename Value="../../Downloads/Sdpo/SdpoSerial/sdposerial.pas"/>
        <UnitName Value="SdpoSerial"/>
        <WindowIndex Value="0"/>
        <TopLine Value="211"/>
        <CursorPos X="1" Y="233"/>
        <UsageCount Value="23"/>
      </Unit26>
      <Unit27>
        <Filename Value="/usr/lib/lazarus/0.9.30.2/lcl/interfaces/gtk2/gtk2widgetset.inc"/>
        <WindowIndex Value="0"/>
        <TopLine Value="1354"/>
        <CursorPos X="66" Y="1367"/>
        <UsageCount Value="5"/>
        <DefaultSyntaxHighlighter Value="Delphi"/>
      </Unit27>
      <Unit28>
        <Filename Value="/usr/local/src/comedilib/lib/data.c"/>
        <WindowIndex Value="0"/>
        <TopLine Value="153"/>
        <CursorPos X="1" Y="177"/>
        <UsageCount Value="19"/>
        <DefaultSyntaxHighlighter Value="C++"/>
      </Unit28>
      <Unit29>
        <Filename Value="efm.pas"/>
        <IsPartOfProject Value="True"/>
        <ComponentName Value="EFMForm"/>
        <HasResources Value="True"/>
        <ResourceBaseClass Value="Form"/>
        <UnitName Value="EFM"/>
        <IsVisibleTab Value="True"/>
        <EditorIndex Value="2"/>
        <WindowIndex Value="0"/>
        <TopLine Value="1463"/>
        <CursorPos X="1" Y="1509"/>
        <UsageCount Value="37"/>
        <Loaded Value="True"/>
        <LoadedDesigner Value="True"/>
        <DefaultSyntaxHighlighter Value="Delphi"/>
      </Unit29>
      <Unit30>
        <Filename Value="conf/spm_parameters.cfg"/>
        <EditorIndex Value="6"/>
        <WindowIndex Value="0"/>
        <TopLine Value="1"/>
        <CursorPos X="37" Y="13"/>
        <UsageCount Value="10"/>
        <Loaded Value="True"/>
        <DefaultSyntaxHighlighter Value="None"/>
      </Unit30>
    </Units>
    <JumpHistory Count="30" HistoryIndex="29">
      <Position1>
        <Filename Value="oscilloscope.pas"/>
        <Caret Line="20" Column="5" TopLine="1"/>
      </Position1>
      <Position2>
        <Filename Value="AFMTopography.pas"/>
        <Caret Line="251" Column="7" TopLine="229"/>
      </Position2>
      <Position3>
        <Filename Value="AFMTopography.pas"/>
        <Caret Line="720" Column="62" TopLine="694"/>
      </Position3>
      <Position4>
        <Filename Value="mfm.pas"/>
        <Caret Line="1082" Column="53" TopLine="1104"/>
      </Position4>
      <Position5>
        <Filename Value="mfm.pas"/>
        <Caret Line="956" Column="60" TopLine="930"/>
      </Position5>
      <Position6>
        <Filename Value="ScanTubeFunctions.pas"/>
        <Caret Line="439" Column="81" TopLine="405"/>
      </Position6>
      <Position7>
        <Filename Value="ScanTubeFunctions.pas"/>
        <Caret Line="346" Column="30" TopLine="315"/>
      </Position7>
      <Position8>
        <Filename Value="ScanTubeFunctions.pas"/>
        <Caret Line="348" Column="30" TopLine="315"/>
      </Position8>
      <Position9>
        <Filename Value="ScanTubeFunctions.pas"/>
        <Caret Line="382" Column="30" TopLine="347"/>
      </Position9>
      <Position10>
        <Filename Value="ScanTubeFunctions.pas"/>
        <Caret Line="384" Column="30" TopLine="347"/>
      </Position10>
      <Position11>
        <Filename Value="ScanTubeFunctions.pas"/>
        <Caret Line="414" Column="120" TopLine="390"/>
      </Position11>
      <Position12>
        <Filename Value="ScanTubeFunctions.pas"/>
        <Caret Line="412" Column="28" TopLine="390"/>
      </Position12>
      <Position13>
        <Filename Value="ScanTubeFunctions.pas"/>
        <Caret Line="396" Column="97" TopLine="350"/>
      </Position13>
      <Position14>
        <Filename Value="ScanTubeFunctions.pas"/>
        <Caret Line="434" Column="3" TopLine="400"/>
      </Position14>
      <Position15>
        <Filename Value="ScanTubeFunctions.pas"/>
        <Caret Line="424" Column="99" TopLine="401"/>
      </Position15>
      <Position16>
        <Filename Value="ScanTubeFunctions.pas"/>
        <Caret Line="467" Column="3" TopLine="427"/>
      </Position16>
      <Position17>
        <Filename Value="ScanTubeFunctions.pas"/>
        <Caret Line="469" Column="9" TopLine="423"/>
      </Position17>
      <Position18>
        <Filename Value="efm.pas"/>
        <Caret Line="933" Column="14" TopLine="894"/>
      </Position18>
      <Position19>
        <Filename Value="efm.pas"/>
        <Caret Line="988" Column="54" TopLine="1073"/>
      </Position19>
      <Position20>
        <Filename Value="SystemConfiguration.pas"/>
        <Caret Line="126" Column="3" TopLine="250"/>
      </Position20>
      <Position21>
        <Filename Value="SystemConfiguration.pas"/>
        <Caret Line="127" Column="3" TopLine="127"/>
      </Position21>
      <Position22>
        <Filename Value="SystemConfiguration.pas"/>
        <Caret Line="143" Column="3" TopLine="127"/>
      </Position22>
      <Position23>
        <Filename Value="SystemConfiguration.pas"/>
        <Caret Line="300" Column="73" TopLine="257"/>
      </Position23>
      <Position24>
        <Filename Value="SystemConfiguration.pas"/>
        <Caret Line="363" Column="1" TopLine="322"/>
      </Position24>
      <Position25>
        <Filename Value="SystemConfiguration.pas"/>
        <Caret Line="380" Column="3" TopLine="352"/>
      </Position25>
      <Position26>
        <Filename Value="efm.pas"/>
        <Caret Line="975" Column="52" TopLine="952"/>
      </Position26>
      <Position27>
        <Filename Value="efm.pas"/>
        <Caret Line="976" Column="52" TopLine="953"/>
      </Position27>
      <Position28>
        <Filename Value="efm.pas"/>
        <Caret Line="977" Column="52" TopLine="173"/>
      </Position28>
      <Position29>
        <Filename Value="efm.pas"/>
        <Caret Line="1338" Column="45" TopLine="1296"/>
      </Position29>
      <Position30>
        <Filename Value="efm.pas"/>
        <Caret Line="535" Column="66" TopLine="528"/>
      </Position30>
    </JumpHistory>
  </ProjectOptions>
  <CompilerOptions>
    <Version Value="11"/>
    <SearchPaths>
      <IncludeFiles Value="$(ProjOutDir)"/>
      <Libraries Value="RTAILazarusCInterface/bin/Release;../Graph Components/BGRABitmap/lib/i386-linux;/usr/local/lib/;/usr/realtime/lib/"/>
      <OtherUnitFiles Value="../Graph Components/bgrabitmap6.2"/>
    </SearchPaths>
    <Parsing>
      <SyntaxOptions>
        <SyntaxMode Value="Delphi"/>
      </SyntaxOptions>
    </Parsing>
    <CodeGeneration>
      <Checks>
        <IOChecks Value="True"/>
        <RangeChecks Value="True"/>
        <OverflowChecks Value="True"/>
        <StackChecks Value="True"/>
      </Checks>
      <TargetCPU Value="x86_64"/>
      <TargetOS Value="linux"/>
    </CodeGeneration>
    <Linking>
      <LinkSmart Value="True"/>
    </Linking>
    <Other>
      <Verbosity>
        <ShoLineNum Value="True"/>
        <ShowAllProcsOnError Value="True"/>
      </Verbosity>
      <WriteFPCLogo Value="False"/>
      <CustomOptions Value="-dUseCThreads"/>
      <CompilerPath Value="$(CompPath)"/>
    </Other>
  </CompilerOptions>
  <Debugging>
    <BreakPoints Count="1">
      <Item1>
        <Kind Value="bpkSource"/>
        <WatchScope Value="wpsLocal"/>
        <WatchKind Value="wpkWrite"/>
        <Source Value="mfm.pas"/>
        <Line Value="138"/>
      </Item1>
    </BreakPoints>
    <Watches Count="2">
      <Item1>
        <Expression Value="data"/>
      </Item1>
      <Item2>
        <Expression Value="data_read"/>
      </Item2>
    </Watches>
    <Exceptions Count="4">
      <Item1>
        <Name Value="EAbort"/>
      </Item1>
      <Item2>
        <Name Value="ECodetoolError"/>
      </Item2>
      <Item3>
        <Name Value="EFOpenError"/>
      </Item3>
      <Item4>
        <Name Value="EAccessViolation"/>
      </Item4>
    </Exceptions>
  </Debugging>
</CONFIG>
